// !$*UTF8*$!
{
	archiveVersion = 1;
	classes = {
	};
	objectVersion = 60;
	objects = {

/* Begin PBXBuildFile section */
		1347BAA92B892DC2001E4138 /* RickAndMortyApp.swift in Sources */ = {isa = PBXBuildFile; fileRef = 1347BAA82B892DC2001E4138 /* RickAndMortyApp.swift */; };
		1347BAAD2B892DC4001E4138 /* Assets.xcassets in Resources */ = {isa = PBXBuildFile; fileRef = 1347BAAC2B892DC4001E4138 /* Assets.xcassets */; };
		1347BAB02B892DC4001E4138 /* Preview Assets.xcassets in Resources */ = {isa = PBXBuildFile; fileRef = 1347BAAF2B892DC4001E4138 /* Preview Assets.xcassets */; };
		1347BABA2B892DC4001E4138 /* RickAndMortyTests.swift in Sources */ = {isa = PBXBuildFile; fileRef = 1347BAB92B892DC4001E4138 /* RickAndMortyTests.swift */; };
		1347BAC42B892DC4001E4138 /* RickAndMortyUITests.swift in Sources */ = {isa = PBXBuildFile; fileRef = 1347BAC32B892DC4001E4138 /* RickAndMortyUITests.swift */; };
		1347BAC62B892DC4001E4138 /* RickAndMortyUITestsLaunchTests.swift in Sources */ = {isa = PBXBuildFile; fileRef = 1347BAC52B892DC4001E4138 /* RickAndMortyUITestsLaunchTests.swift */; };
		1347BAD62B8938B4001E4138 /* RickAndMortyService in Frameworks */ = {isa = PBXBuildFile; productRef = 1347BAD52B8938B4001E4138 /* RickAndMortyService */; };
		1347BAE32B895EE6001E4138 /* CharactersUI in Frameworks */ = {isa = PBXBuildFile; productRef = 1347BAE22B895EE6001E4138 /* CharactersUI */; };
/* End PBXBuildFile section */

/* Begin PBXContainerItemProxy section */
		1347BAB62B892DC4001E4138 /* PBXContainerItemProxy */ = {
			isa = PBXContainerItemProxy;
			containerPortal = 1347BA9D2B892DC2001E4138 /* Project object */;
			proxyType = 1;
			remoteGlobalIDString = 1347BAA42B892DC2001E4138;
			remoteInfo = RickAndMorty;
		};
		1347BAC02B892DC4001E4138 /* PBXContainerItemProxy */ = {
			isa = PBXContainerItemProxy;
			containerPortal = 1347BA9D2B892DC2001E4138 /* Project object */;
			proxyType = 1;
			remoteGlobalIDString = 1347BAA42B892DC2001E4138;
			remoteInfo = RickAndMorty;
		};
/* End PBXContainerItemProxy section */

/* Begin PBXFileReference section */
		1347BAA52B892DC2001E4138 /* RickAndMorty.app */ = {isa = PBXFileReference; explicitFileType = wrapper.application; includeInIndex = 0; path = RickAndMorty.app; sourceTree = BUILT_PRODUCTS_DIR; };
		1347BAA82B892DC2001E4138 /* RickAndMortyApp.swift */ = {isa = PBXFileReference; lastKnownFileType = sourcecode.swift; path = RickAndMortyApp.swift; sourceTree = "<group>"; };
		1347BAAC2B892DC4001E4138 /* Assets.xcassets */ = {isa = PBXFileReference; lastKnownFileType = folder.assetcatalog; path = Assets.xcassets; sourceTree = "<group>"; };
		1347BAAF2B892DC4001E4138 /* Preview Assets.xcassets */ = {isa = PBXFileReference; lastKnownFileType = folder.assetcatalog; path = "Preview Assets.xcassets"; sourceTree = "<group>"; };
		1347BAB52B892DC4001E4138 /* RickAndMortyTests.xctest */ = {isa = PBXFileReference; explicitFileType = wrapper.cfbundle; includeInIndex = 0; path = RickAndMortyTests.xctest; sourceTree = BUILT_PRODUCTS_DIR; };
		1347BAB92B892DC4001E4138 /* RickAndMortyTests.swift */ = {isa = PBXFileReference; lastKnownFileType = sourcecode.swift; path = RickAndMortyTests.swift; sourceTree = "<group>"; };
		1347BABF2B892DC4001E4138 /* RickAndMortyUITests.xctest */ = {isa = PBXFileReference; explicitFileType = wrapper.cfbundle; includeInIndex = 0; path = RickAndMortyUITests.xctest; sourceTree = BUILT_PRODUCTS_DIR; };
		1347BAC32B892DC4001E4138 /* RickAndMortyUITests.swift */ = {isa = PBXFileReference; lastKnownFileType = sourcecode.swift; path = RickAndMortyUITests.swift; sourceTree = "<group>"; };
		1347BAC52B892DC4001E4138 /* RickAndMortyUITestsLaunchTests.swift */ = {isa = PBXFileReference; lastKnownFileType = sourcecode.swift; path = RickAndMortyUITestsLaunchTests.swift; sourceTree = "<group>"; };
		1347BAD32B893838001E4138 /* RickAndMortyService */ = {isa = PBXFileReference; lastKnownFileType = wrapper; name = RickAndMortyService; path = ../Modules/RickAndMortyService; sourceTree = "<group>"; };
		1347BAE02B895D89001E4138 /* CharactersUI */ = {isa = PBXFileReference; lastKnownFileType = wrapper; name = CharactersUI; path = ../Modules/CharactersUI; sourceTree = "<group>"; };
		1347BAE52B895F4C001E4138 /* RickAndMortyService+CharactersLoader.swift */ = {isa = PBXFileReference; lastKnownFileType = sourcecode.swift; path = "RickAndMortyService+CharactersLoader.swift"; sourceTree = "<group>"; };
/* End PBXFileReference section */

/* Begin PBXFrameworksBuildPhase section */
		1347BAA22B892DC2001E4138 /* Frameworks */ = {
			isa = PBXFrameworksBuildPhase;
			buildActionMask = 2147483647;
			files = (
				1347BAE32B895EE6001E4138 /* CharactersUI in Frameworks */,
				1347BAD62B8938B4001E4138 /* RickAndMortyService in Frameworks */,
			);
			runOnlyForDeploymentPostprocessing = 0;
		};
		1347BAB22B892DC4001E4138 /* Frameworks */ = {
			isa = PBXFrameworksBuildPhase;
			buildActionMask = 2147483647;
			files = (
			);
			runOnlyForDeploymentPostprocessing = 0;
		};
		1347BABC2B892DC4001E4138 /* Frameworks */ = {
			isa = PBXFrameworksBuildPhase;
			buildActionMask = 2147483647;
			files = (
			);
			runOnlyForDeploymentPostprocessing = 0;
		};
/* End PBXFrameworksBuildPhase section */

/* Begin PBXGroup section */
		1347BA9C2B892DC2001E4138 = {
			isa = PBXGroup;
			children = (
				1347BAE02B895D89001E4138 /* CharactersUI */,
				1347BAD32B893838001E4138 /* RickAndMortyService */,
				1347BAA72B892DC2001E4138 /* RickAndMorty */,
				1347BAB82B892DC4001E4138 /* RickAndMortyTests */,
				1347BAC22B892DC4001E4138 /* RickAndMortyUITests */,
				1347BAA62B892DC2001E4138 /* Products */,
			);
			sourceTree = "<group>";
		};
		1347BAA62B892DC2001E4138 /* Products */ = {
			isa = PBXGroup;
			children = (
				1347BAA52B892DC2001E4138 /* RickAndMorty.app */,
				1347BAB52B892DC4001E4138 /* RickAndMortyTests.xctest */,
				1347BABF2B892DC4001E4138 /* RickAndMortyUITests.xctest */,
			);
			name = Products;
			sourceTree = "<group>";
		};
		1347BAA72B892DC2001E4138 /* RickAndMorty */ = {
			isa = PBXGroup;
			children = (
				1347BAE42B895F4C001E4138 /* Data */,
				1347BAA82B892DC2001E4138 /* RickAndMortyApp.swift */,
				1347BAAC2B892DC4001E4138 /* Assets.xcassets */,
				1347BAAE2B892DC4001E4138 /* Preview Content */,
			);
			path = RickAndMorty;
			sourceTree = "<group>";
		};
		1347BAAE2B892DC4001E4138 /* Preview Content */ = {
			isa = PBXGroup;
			children = (
				1347BAAF2B892DC4001E4138 /* Preview Assets.xcassets */,
			);
			path = "Preview Content";
			sourceTree = "<group>";
		};
		1347BAB82B892DC4001E4138 /* RickAndMortyTests */ = {
			isa = PBXGroup;
			children = (
				1347BAB92B892DC4001E4138 /* RickAndMortyTests.swift */,
			);
			path = RickAndMortyTests;
			sourceTree = "<group>";
		};
		1347BAC22B892DC4001E4138 /* RickAndMortyUITests */ = {
			isa = PBXGroup;
			children = (
				1347BAC32B892DC4001E4138 /* RickAndMortyUITests.swift */,
				1347BAC52B892DC4001E4138 /* RickAndMortyUITestsLaunchTests.swift */,
			);
			path = RickAndMortyUITests;
			sourceTree = "<group>";
		};
		1347BAE42B895F4C001E4138 /* Data */ = {
			isa = PBXGroup;
			children = (
				1347BAE52B895F4C001E4138 /* RickAndMortyService+CharactersLoader.swift */,
			);
			path = Data;
			sourceTree = "<group>";
		};
/* End PBXGroup section */

/* Begin PBXNativeTarget section */
		1347BAA42B892DC2001E4138 /* RickAndMorty */ = {
			isa = PBXNativeTarget;
			buildConfigurationList = 1347BAC92B892DC4001E4138 /* Build configuration list for PBXNativeTarget "RickAndMorty" */;
			buildPhases = (
				1347BAA12B892DC2001E4138 /* Sources */,
				1347BAA22B892DC2001E4138 /* Frameworks */,
				1347BAA32B892DC2001E4138 /* Resources */,
			);
			buildRules = (
			);
			dependencies = (
			);
			name = RickAndMorty;
			packageProductDependencies = (
				1347BAD52B8938B4001E4138 /* RickAndMortyService */,
				1347BAE22B895EE6001E4138 /* CharactersUI */,
			);
			productName = RickAndMorty;
			productReference = 1347BAA52B892DC2001E4138 /* RickAndMorty.app */;
			productType = "com.apple.product-type.application";
		};
		1347BAB42B892DC4001E4138 /* RickAndMortyTests */ = {
			isa = PBXNativeTarget;
			buildConfigurationList = 1347BACC2B892DC4001E4138 /* Build configuration list for PBXNativeTarget "RickAndMortyTests" */;
			buildPhases = (
				1347BAB12B892DC4001E4138 /* Sources */,
				1347BAB22B892DC4001E4138 /* Frameworks */,
				1347BAB32B892DC4001E4138 /* Resources */,
			);
			buildRules = (
			);
			dependencies = (
				1347BAB72B892DC4001E4138 /* PBXTargetDependency */,
			);
			name = RickAndMortyTests;
			productName = RickAndMortyTests;
			productReference = 1347BAB52B892DC4001E4138 /* RickAndMortyTests.xctest */;
			productType = "com.apple.product-type.bundle.unit-test";
		};
		1347BABE2B892DC4001E4138 /* RickAndMortyUITests */ = {
			isa = PBXNativeTarget;
			buildConfigurationList = 1347BACF2B892DC4001E4138 /* Build configuration list for PBXNativeTarget "RickAndMortyUITests" */;
			buildPhases = (
				1347BABB2B892DC4001E4138 /* Sources */,
				1347BABC2B892DC4001E4138 /* Frameworks */,
				1347BABD2B892DC4001E4138 /* Resources */,
			);
			buildRules = (
			);
			dependencies = (
				1347BAC12B892DC4001E4138 /* PBXTargetDependency */,
			);
			name = RickAndMortyUITests;
			productName = RickAndMortyUITests;
			productReference = 1347BABF2B892DC4001E4138 /* RickAndMortyUITests.xctest */;
			productType = "com.apple.product-type.bundle.ui-testing";
		};
/* End PBXNativeTarget section */

/* Begin PBXProject section */
		1347BA9D2B892DC2001E4138 /* Project object */ = {
			isa = PBXProject;
			attributes = {
				BuildIndependentTargetsInParallel = 1;
				LastSwiftUpdateCheck = 1520;
				LastUpgradeCheck = 1520;
				TargetAttributes = {
					1347BAA42B892DC2001E4138 = {
						CreatedOnToolsVersion = 15.2;
					};
					1347BAB42B892DC4001E4138 = {
						CreatedOnToolsVersion = 15.2;
						TestTargetID = 1347BAA42B892DC2001E4138;
					};
					1347BABE2B892DC4001E4138 = {
						CreatedOnToolsVersion = 15.2;
						TestTargetID = 1347BAA42B892DC2001E4138;
					};
				};
			};
			buildConfigurationList = 1347BAA02B892DC2001E4138 /* Build configuration list for PBXProject "RickAndMorty" */;
			compatibilityVersion = "Xcode 14.0";
			developmentRegion = en;
			hasScannedForEncodings = 0;
			knownRegions = (
				en,
				Base,
			);
			mainGroup = 1347BA9C2B892DC2001E4138;
			packageReferences = (
				1347BAD42B8938B4001E4138 /* XCLocalSwiftPackageReference "../Modules/RickAndMortyService" */,
				1347BAE12B895EE6001E4138 /* XCLocalSwiftPackageReference "../Modules/CharactersUI" */,
			);
			productRefGroup = 1347BAA62B892DC2001E4138 /* Products */;
			projectDirPath = "";
			projectRoot = "";
			targets = (
				1347BAA42B892DC2001E4138 /* RickAndMorty */,
				1347BAB42B892DC4001E4138 /* RickAndMortyTests */,
				1347BABE2B892DC4001E4138 /* RickAndMortyUITests */,
			);
		};
/* End PBXProject section */

/* Begin PBXResourcesBuildPhase section */
		1347BAA32B892DC2001E4138 /* Resources */ = {
			isa = PBXResourcesBuildPhase;
			buildActionMask = 2147483647;
			files = (
				1347BAB02B892DC4001E4138 /* Preview Assets.xcassets in Resources */,
				1347BAAD2B892DC4001E4138 /* Assets.xcassets in Resources */,
			);
			runOnlyForDeploymentPostprocessing = 0;
		};
		1347BAB32B892DC4001E4138 /* Resources */ = {
			isa = PBXResourcesBuildPhase;
			buildActionMask = 2147483647;
			files = (
			);
			runOnlyForDeploymentPostprocessing = 0;
		};
		1347BABD2B892DC4001E4138 /* Resources */ = {
			isa = PBXResourcesBuildPhase;
			buildActionMask = 2147483647;
			files = (
			);
			runOnlyForDeploymentPostprocessing = 0;
		};
/* End PBXResourcesBuildPhase section */

/* Begin PBXSourcesBuildPhase section */
		1347BAA12B892DC2001E4138 /* Sources */ = {
			isa = PBXSourcesBuildPhase;
			buildActionMask = 2147483647;
			files = (
				1347BAA92B892DC2001E4138 /* RickAndMortyApp.swift in Sources */,
			);
			runOnlyForDeploymentPostprocessing = 0;
		};
		1347BAB12B892DC4001E4138 /* Sources */ = {
			isa = PBXSourcesBuildPhase;
			buildActionMask = 2147483647;
			files = (
				1347BABA2B892DC4001E4138 /* RickAndMortyTests.swift in Sources */,
			);
			runOnlyForDeploymentPostprocessing = 0;
		};
		1347BABB2B892DC4001E4138 /* Sources */ = {
			isa = PBXSourcesBuildPhase;
			buildActionMask = 2147483647;
			files = (
				1347BAC42B892DC4001E4138 /* RickAndMortyUITests.swift in Sources */,
				1347BAC62B892DC4001E4138 /* RickAndMortyUITestsLaunchTests.swift in Sources */,
			);
			runOnlyForDeploymentPostprocessing = 0;
		};
/* End PBXSourcesBuildPhase section */

/* Begin PBXTargetDependency section */
		1347BAB72B892DC4001E4138 /* PBXTargetDependency */ = {
			isa = PBXTargetDependency;
			target = 1347BAA42B892DC2001E4138 /* RickAndMorty */;
			targetProxy = 1347BAB62B892DC4001E4138 /* PBXContainerItemProxy */;
		};
		1347BAC12B892DC4001E4138 /* PBXTargetDependency */ = {
			isa = PBXTargetDependency;
			target = 1347BAA42B892DC2001E4138 /* RickAndMorty */;
			targetProxy = 1347BAC02B892DC4001E4138 /* PBXContainerItemProxy */;
		};
/* End PBXTargetDependency section */

/* Begin XCBuildConfiguration section */
		1347BAC72B892DC4001E4138 /* Debug */ = {
			isa = XCBuildConfiguration;
			buildSettings = {
				ALWAYS_SEARCH_USER_PATHS = NO;
				ASSETCATALOG_COMPILER_GENERATE_SWIFT_ASSET_SYMBOL_EXTENSIONS = YES;
				CLANG_ANALYZER_NONNULL = YES;
				CLANG_ANALYZER_NUMBER_OBJECT_CONVERSION = YES_AGGRESSIVE;
				CLANG_CXX_LANGUAGE_STANDARD = "gnu++20";
				CLANG_ENABLE_MODULES = YES;
				CLANG_ENABLE_OBJC_ARC = YES;
				CLANG_ENABLE_OBJC_WEAK = YES;
				CLANG_WARN_BLOCK_CAPTURE_AUTORELEASING = YES;
				CLANG_WARN_BOOL_CONVERSION = YES;
				CLANG_WARN_COMMA = YES;
				CLANG_WARN_CONSTANT_CONVERSION = YES;
				CLANG_WARN_DEPRECATED_OBJC_IMPLEMENTATIONS = YES;
				CLANG_WARN_DIRECT_OBJC_ISA_USAGE = YES_ERROR;
				CLANG_WARN_DOCUMENTATION_COMMENTS = YES;
				CLANG_WARN_EMPTY_BODY = YES;
				CLANG_WARN_ENUM_CONVERSION = YES;
				CLANG_WARN_INFINITE_RECURSION = YES;
				CLANG_WARN_INT_CONVERSION = YES;
				CLANG_WARN_NON_LITERAL_NULL_CONVERSION = YES;
				CLANG_WARN_OBJC_IMPLICIT_RETAIN_SELF = YES;
				CLANG_WARN_OBJC_LITERAL_CONVERSION = YES;
				CLANG_WARN_OBJC_ROOT_CLASS = YES_ERROR;
				CLANG_WARN_QUOTED_INCLUDE_IN_FRAMEWORK_HEADER = YES;
				CLANG_WARN_RANGE_LOOP_ANALYSIS = YES;
				CLANG_WARN_STRICT_PROTOTYPES = YES;
				CLANG_WARN_SUSPICIOUS_MOVE = YES;
				CLANG_WARN_UNGUARDED_AVAILABILITY = YES_AGGRESSIVE;
				CLANG_WARN_UNREACHABLE_CODE = YES;
				CLANG_WARN__DUPLICATE_METHOD_MATCH = YES;
				COPY_PHASE_STRIP = NO;
				DEBUG_INFORMATION_FORMAT = dwarf;
				ENABLE_STRICT_OBJC_MSGSEND = YES;
				ENABLE_TESTABILITY = YES;
				ENABLE_USER_SCRIPT_SANDBOXING = YES;
				GCC_C_LANGUAGE_STANDARD = gnu17;
				GCC_DYNAMIC_NO_PIC = NO;
				GCC_NO_COMMON_BLOCKS = YES;
				GCC_OPTIMIZATION_LEVEL = 0;
				GCC_PREPROCESSOR_DEFINITIONS = (
					"DEBUG=1",
					"$(inherited)",
				);
				GCC_WARN_64_TO_32_BIT_CONVERSION = YES;
				GCC_WARN_ABOUT_RETURN_TYPE = YES_ERROR;
				GCC_WARN_UNDECLARED_SELECTOR = YES;
				GCC_WARN_UNINITIALIZED_AUTOS = YES_AGGRESSIVE;
				GCC_WARN_UNUSED_FUNCTION = YES;
				GCC_WARN_UNUSED_VARIABLE = YES;
				IPHONEOS_DEPLOYMENT_TARGET = 17.2;
				LOCALIZATION_PREFERS_STRING_CATALOGS = YES;
				MTL_ENABLE_DEBUG_INFO = INCLUDE_SOURCE;
				MTL_FAST_MATH = YES;
				ONLY_ACTIVE_ARCH = YES;
				SDKROOT = iphoneos;
				SWIFT_ACTIVE_COMPILATION_CONDITIONS = "DEBUG $(inherited)";
				SWIFT_OPTIMIZATION_LEVEL = "-Onone";
			};
			name = Debug;
		};
		1347BAC82B892DC4001E4138 /* Release */ = {
			isa = XCBuildConfiguration;
			buildSettings = {
				ALWAYS_SEARCH_USER_PATHS = NO;
				ASSETCATALOG_COMPILER_GENERATE_SWIFT_ASSET_SYMBOL_EXTENSIONS = YES;
				CLANG_ANALYZER_NONNULL = YES;
				CLANG_ANALYZER_NUMBER_OBJECT_CONVERSION = YES_AGGRESSIVE;
				CLANG_CXX_LANGUAGE_STANDARD = "gnu++20";
				CLANG_ENABLE_MODULES = YES;
				CLANG_ENABLE_OBJC_ARC = YES;
				CLANG_ENABLE_OBJC_WEAK = YES;
				CLANG_WARN_BLOCK_CAPTURE_AUTORELEASING = YES;
				CLANG_WARN_BOOL_CONVERSION = YES;
				CLANG_WARN_COMMA = YES;
				CLANG_WARN_CONSTANT_CONVERSION = YES;
				CLANG_WARN_DEPRECATED_OBJC_IMPLEMENTATIONS = YES;
				CLANG_WARN_DIRECT_OBJC_ISA_USAGE = YES_ERROR;
				CLANG_WARN_DOCUMENTATION_COMMENTS = YES;
				CLANG_WARN_EMPTY_BODY = YES;
				CLANG_WARN_ENUM_CONVERSION = YES;
				CLANG_WARN_INFINITE_RECURSION = YES;
				CLANG_WARN_INT_CONVERSION = YES;
				CLANG_WARN_NON_LITERAL_NULL_CONVERSION = YES;
				CLANG_WARN_OBJC_IMPLICIT_RETAIN_SELF = YES;
				CLANG_WARN_OBJC_LITERAL_CONVERSION = YES;
				CLANG_WARN_OBJC_ROOT_CLASS = YES_ERROR;
				CLANG_WARN_QUOTED_INCLUDE_IN_FRAMEWORK_HEADER = YES;
				CLANG_WARN_RANGE_LOOP_ANALYSIS = YES;
				CLANG_WARN_STRICT_PROTOTYPES = YES;
				CLANG_WARN_SUSPICIOUS_MOVE = YES;
				CLANG_WARN_UNGUARDED_AVAILABILITY = YES_AGGRESSIVE;
				CLANG_WARN_UNREACHABLE_CODE = YES;
				CLANG_WARN__DUPLICATE_METHOD_MATCH = YES;
				COPY_PHASE_STRIP = NO;
				DEBUG_INFORMATION_FORMAT = "dwarf-with-dsym";
				ENABLE_NS_ASSERTIONS = NO;
				ENABLE_STRICT_OBJC_MSGSEND = YES;
				ENABLE_USER_SCRIPT_SANDBOXING = YES;
				GCC_C_LANGUAGE_STANDARD = gnu17;
				GCC_NO_COMMON_BLOCKS = YES;
				GCC_WARN_64_TO_32_BIT_CONVERSION = YES;
				GCC_WARN_ABOUT_RETURN_TYPE = YES_ERROR;
				GCC_WARN_UNDECLARED_SELECTOR = YES;
				GCC_WARN_UNINITIALIZED_AUTOS = YES_AGGRESSIVE;
				GCC_WARN_UNUSED_FUNCTION = YES;
				GCC_WARN_UNUSED_VARIABLE = YES;
				IPHONEOS_DEPLOYMENT_TARGET = 17.2;
				LOCALIZATION_PREFERS_STRING_CATALOGS = YES;
				MTL_ENABLE_DEBUG_INFO = NO;
				MTL_FAST_MATH = YES;
				SDKROOT = iphoneos;
				SWIFT_COMPILATION_MODE = wholemodule;
				VALIDATE_PRODUCT = YES;
			};
			name = Release;
		};
		1347BACA2B892DC4001E4138 /* Debug */ = {
			isa = XCBuildConfiguration;
			buildSettings = {
				ASSETCATALOG_COMPILER_APPICON_NAME = AppIcon;
				ASSETCATALOG_COMPILER_GLOBAL_ACCENT_COLOR_NAME = AccentColor;
				CODE_SIGN_STYLE = Automatic;
				CURRENT_PROJECT_VERSION = 1;
				DEVELOPMENT_ASSET_PATHS = "\"RickAndMorty/Preview Content\"";
				DEVELOPMENT_TEAM = BGU3XAP6PU;
				ENABLE_PREVIEWS = YES;
				GENERATE_INFOPLIST_FILE = YES;
				INFOPLIST_KEY_UIApplicationSceneManifest_Generation = YES;
				INFOPLIST_KEY_UIApplicationSupportsIndirectInputEvents = YES;
				INFOPLIST_KEY_UILaunchScreen_Generation = YES;
				INFOPLIST_KEY_UISupportedInterfaceOrientations_iPad = "UIInterfaceOrientationPortrait UIInterfaceOrientationPortraitUpsideDown UIInterfaceOrientationLandscapeLeft UIInterfaceOrientationLandscapeRight";
				INFOPLIST_KEY_UISupportedInterfaceOrientations_iPhone = "UIInterfaceOrientationPortrait UIInterfaceOrientationLandscapeLeft UIInterfaceOrientationLandscapeRight";
				IPHONEOS_DEPLOYMENT_TARGET = 15.0;
				LD_RUNPATH_SEARCH_PATHS = (
					"$(inherited)",
					"@executable_path/Frameworks",
				);
				MARKETING_VERSION = 1.0;
				PRODUCT_BUNDLE_IDENTIFIER = com.omarmohali.RickAndMorty;
				PRODUCT_NAME = "$(TARGET_NAME)";
				SWIFT_EMIT_LOC_STRINGS = YES;
				SWIFT_VERSION = 5.0;
				TARGETED_DEVICE_FAMILY = "1,2";
			};
			name = Debug;
		};
		1347BACB2B892DC4001E4138 /* Release */ = {
			isa = XCBuildConfiguration;
			buildSettings = {
				ASSETCATALOG_COMPILER_APPICON_NAME = AppIcon;
				ASSETCATALOG_COMPILER_GLOBAL_ACCENT_COLOR_NAME = AccentColor;
				CODE_SIGN_STYLE = Automatic;
				CURRENT_PROJECT_VERSION = 1;
				DEVELOPMENT_ASSET_PATHS = "\"RickAndMorty/Preview Content\"";
				DEVELOPMENT_TEAM = BGU3XAP6PU;
				ENABLE_PREVIEWS = YES;
				GENERATE_INFOPLIST_FILE = YES;
				INFOPLIST_KEY_UIApplicationSceneManifest_Generation = YES;
				INFOPLIST_KEY_UIApplicationSupportsIndirectInputEvents = YES;
				INFOPLIST_KEY_UILaunchScreen_Generation = YES;
				INFOPLIST_KEY_UISupportedInterfaceOrientations_iPad = "UIInterfaceOrientationPortrait UIInterfaceOrientationPortraitUpsideDown UIInterfaceOrientationLandscapeLeft UIInterfaceOrientationLandscapeRight";
				INFOPLIST_KEY_UISupportedInterfaceOrientations_iPhone = "UIInterfaceOrientationPortrait UIInterfaceOrientationLandscapeLeft UIInterfaceOrientationLandscapeRight";
				IPHONEOS_DEPLOYMENT_TARGET = 15.0;
				LD_RUNPATH_SEARCH_PATHS = (
					"$(inherited)",
					"@executable_path/Frameworks",
				);
				MARKETING_VERSION = 1.0;
				PRODUCT_BUNDLE_IDENTIFIER = com.omarmohali.RickAndMorty;
				PRODUCT_NAME = "$(TARGET_NAME)";
				SWIFT_EMIT_LOC_STRINGS = YES;
				SWIFT_VERSION = 5.0;
				TARGETED_DEVICE_FAMILY = "1,2";
			};
			name = Release;
		};
		1347BACD2B892DC4001E4138 /* Debug */ = {
			isa = XCBuildConfiguration;
			buildSettings = {
				ALWAYS_EMBED_SWIFT_STANDARD_LIBRARIES = YES;
				BUNDLE_LOADER = "$(TEST_HOST)";
				CODE_SIGN_STYLE = Automatic;
				CURRENT_PROJECT_VERSION = 1;
				DEVELOPMENT_TEAM = BGU3XAP6PU;
				GENERATE_INFOPLIST_FILE = YES;
				IPHONEOS_DEPLOYMENT_TARGET = 17.2;
				MARKETING_VERSION = 1.0;
				PRODUCT_BUNDLE_IDENTIFIER = com.omarmohali.RickAndMortyTests;
				PRODUCT_NAME = "$(TARGET_NAME)";
				SWIFT_EMIT_LOC_STRINGS = NO;
				SWIFT_VERSION = 5.0;
				TARGETED_DEVICE_FAMILY = "1,2";
				TEST_HOST = "$(BUILT_PRODUCTS_DIR)/RickAndMorty.app/$(BUNDLE_EXECUTABLE_FOLDER_PATH)/RickAndMorty";
			};
			name = Debug;
		};
		1347BACE2B892DC4001E4138 /* Release */ = {
			isa = XCBuildConfiguration;
			buildSettings = {
				ALWAYS_EMBED_SWIFT_STANDARD_LIBRARIES = YES;
				BUNDLE_LOADER = "$(TEST_HOST)";
				CODE_SIGN_STYLE = Automatic;
				CURRENT_PROJECT_VERSION = 1;
				DEVELOPMENT_TEAM = BGU3XAP6PU;
				GENERATE_INFOPLIST_FILE = YES;
				IPHONEOS_DEPLOYMENT_TARGET = 17.2;
				MARKETING_VERSION = 1.0;
				PRODUCT_BUNDLE_IDENTIFIER = com.omarmohali.RickAndMortyTests;
				PRODUCT_NAME = "$(TARGET_NAME)";
				SWIFT_EMIT_LOC_STRINGS = NO;
				SWIFT_VERSION = 5.0;
				TARGETED_DEVICE_FAMILY = "1,2";
				TEST_HOST = "$(BUILT_PRODUCTS_DIR)/RickAndMorty.app/$(BUNDLE_EXECUTABLE_FOLDER_PATH)/RickAndMorty";
			};
			name = Release;
		};
		1347BAD02B892DC4001E4138 /* Debug */ = {
			isa = XCBuildConfiguration;
			buildSettings = {
				ALWAYS_EMBED_SWIFT_STANDARD_LIBRARIES = YES;
				CODE_SIGN_STYLE = Automatic;
				CURRENT_PROJECT_VERSION = 1;
				DEVELOPMENT_TEAM = BGU3XAP6PU;
				GENERATE_INFOPLIST_FILE = YES;
				MARKETING_VERSION = 1.0;
				PRODUCT_BUNDLE_IDENTIFIER = com.omarmohali.RickAndMortyUITests;
				PRODUCT_NAME = "$(TARGET_NAME)";
				SWIFT_EMIT_LOC_STRINGS = NO;
				SWIFT_VERSION = 5.0;
				TARGETED_DEVICE_FAMILY = "1,2";
				TEST_TARGET_NAME = RickAndMorty;
			};
			name = Debug;
		};
		1347BAD12B892DC4001E4138 /* Release */ = {
			isa = XCBuildConfiguration;
			buildSettings = {
				ALWAYS_EMBED_SWIFT_STANDARD_LIBRARIES = YES;
				CODE_SIGN_STYLE = Automatic;
				CURRENT_PROJECT_VERSION = 1;
				DEVELOPMENT_TEAM = BGU3XAP6PU;
				GENERATE_INFOPLIST_FILE = YES;
				MARKETING_VERSION = 1.0;
				PRODUCT_BUNDLE_IDENTIFIER = com.omarmohali.RickAndMortyUITests;
				PRODUCT_NAME = "$(TARGET_NAME)";
				SWIFT_EMIT_LOC_STRINGS = NO;
				SWIFT_VERSION = 5.0;
				TARGETED_DEVICE_FAMILY = "1,2";
				TEST_TARGET_NAME = RickAndMorty;
			};
			name = Release;
		};
/* End XCBuildConfiguration section */

/* Begin XCConfigurationList section */
		1347BAA02B892DC2001E4138 /* Build configuration list for PBXProject "RickAndMorty" */ = {
			isa = XCConfigurationList;
			buildConfigurations = (
				1347BAC72B892DC4001E4138 /* Debug */,
				1347BAC82B892DC4001E4138 /* Release */,
			);
			defaultConfigurationIsVisible = 0;
			defaultConfigurationName = Release;
		};
		1347BAC92B892DC4001E4138 /* Build configuration list for PBXNativeTarget "RickAndMorty" */ = {
			isa = XCConfigurationList;
			buildConfigurations = (
				1347BACA2B892DC4001E4138 /* Debug */,
				1347BACB2B892DC4001E4138 /* Release */,
			);
			defaultConfigurationIsVisible = 0;
			defaultConfigurationName = Release;
		};
		1347BACC2B892DC4001E4138 /* Build configuration list for PBXNativeTarget "RickAndMortyTests" */ = {
			isa = XCConfigurationList;
			buildConfigurations = (
				1347BACD2B892DC4001E4138 /* Debug */,
				1347BACE2B892DC4001E4138 /* Release */,
			);
			defaultConfigurationIsVisible = 0;
			defaultConfigurationName = Release;
		};
		1347BACF2B892DC4001E4138 /* Build configuration list for PBXNativeTarget "RickAndMortyUITests" */ = {
			isa = XCConfigurationList;
			buildConfigurations = (
				1347BAD02B892DC4001E4138 /* Debug */,
				1347BAD12B892DC4001E4138 /* Release */,
			);
			defaultConfigurationIsVisible = 0;
			defaultConfigurationName = Release;
		};
/* End XCConfigurationList section */

/* Begin XCLocalSwiftPackageReference section */
		1347BAD42B8938B4001E4138 /* XCLocalSwiftPackageReference "../Modules/RickAndMortyService" */ = {
			isa = XCLocalSwiftPackageReference;
			relativePath = ../Modules/RickAndMortyService;
		};
		1347BAE12B895EE6001E4138 /* XCLocalSwiftPackageReference "../Modules/CharactersUI" */ = {
			isa = XCLocalSwiftPackageReference;
			relativePath = ../Modules/CharactersUI;
		};
/* End XCLocalSwiftPackageReference section */

/* Begin XCSwiftPackageProductDependency section */
		1347BAD52B8938B4001E4138 /* RickAndMortyService */ = {
			isa = XCSwiftPackageProductDependency;
			productName = RickAndMortyService;
		};
		1347BAE22B895EE6001E4138 /* CharactersUI */ = {
			isa = XCSwiftPackageProductDependency;
			productName = CharactersUI;
		};
/* End XCSwiftPackageProductDependency section */
	};
	rootObject = 1347BA9D2B892DC2001E4138 /* Project object */;
}
